
Microsoft Visual Studio Solution File, Format Version 12.00
# Visual Studio 15
VisualStudioVersion = 15.0.26430.12
MinimumVisualStudioVersion = 10.0.40219.1
Project("{FAE04EC0-301F-11D3-BF4B-00C04F79EFBC}") = "LightFrame.Messaging", "src\LightFrame.Messaging\LightFrame.Messaging.csproj", "{A77C2FC3-5CA2-46D4-AA39-CF7C0E4ED712}"
EndProject
Project("{FAE04EC0-301F-11D3-BF4B-00C04F79EFBC}") = "LightFrame.SampleApi", "samples\LightFrame.SampleApi\LightFrame.SampleApi.csproj", "{90B62F29-9D9A-42E6-BC40-A526A3DEA2C5}"
EndProject
Project("{FAE04EC0-301F-11D3-BF4B-00C04F79EFBC}") = "LightFrame.SampleCore", "samples\LightFrame.SampleCore\LightFrame.SampleCore.csproj", "{DC8EB9A2-A2E2-4542-B3B3-7C15D16318FA}"
EndProject
Project("{2150E333-8FDC-42A3-9474-1A3956D46DE8}") = "Samples", "Samples", "{A2D48DCE-E9FC-4186-AA3A-9BFF5926E537}"
EndProject
Project("{FAE04EC0-301F-11D3-BF4B-00C04F79EFBC}") = "LightFrame.EntityFramework", "src\LightFrame.EntityFramework\LightFrame.EntityFramework.csproj", "{9255441C-8716-4CA6-8760-1C639559754E}"
EndProject
Global
	GlobalSection(SolutionConfigurationPlatforms) = preSolution
		Debug|Any CPU = Debug|Any CPU
		Release|Any CPU = Release|Any CPU
	EndGlobalSection
	GlobalSection(ProjectConfigurationPlatforms) = postSolution
		{A77C2FC3-5CA2-46D4-AA39-CF7C0E4ED712}.Debug|Any CPU.ActiveCfg = Debug|Any CPU
		{A77C2FC3-5CA2-46D4-AA39-CF7C0E4ED712}.Debug|Any CPU.Build.0 = Debug|Any CPU
		{A77C2FC3-5CA2-46D4-AA39-CF7C0E4ED712}.Release|Any CPU.ActiveCfg = Release|Any CPU
		{A77C2FC3-5CA2-46D4-AA39-CF7C0E4ED712}.Release|Any CPU.Build.0 = Release|Any CPU
		{90B62F29-9D9A-42E6-BC40-A526A3DEA2C5}.Debug|Any CPU.ActiveCfg = Debug|Any CPU
		{90B62F29-9D9A-42E6-BC40-A526A3DEA2C5}.Debug|Any CPU.Build.0 = Debug|Any CPU
		{90B62F29-9D9A-42E6-BC40-A526A3DEA2C5}.Release|Any CPU.ActiveCfg = Release|Any CPU
		{90B62F29-9D9A-42E6-BC40-A526A3DEA2C5}.Release|Any CPU.Build.0 = Release|Any CPU
		{DC8EB9A2-A2E2-4542-B3B3-7C15D16318FA}.Debug|Any CPU.ActiveCfg = Debug|Any CPU
		{DC8EB9A2-A2E2-4542-B3B3-7C15D16318FA}.Debug|Any CPU.Build.0 = Debug|Any CPU
		{DC8EB9A2-A2E2-4542-B3B3-7C15D16318FA}.Release|Any CPU.ActiveCfg = Release|Any CPU
		{DC8EB9A2-A2E2-4542-B3B3-7C15D16318FA}.Release|Any CPU.Build.0 = Release|Any CPU
		{9255441C-8716-4CA6-8760-1C639559754E}.Debug|Any CPU.ActiveCfg = Debug|Any CPU
		{9255441C-8716-4CA6-8760-1C639559754E}.Debug|Any CPU.Build.0 = Debug|Any CPU
		{9255441C-8716-4CA6-8760-1C639559754E}.Release|Any CPU.ActiveCfg = Release|Any CPU
		{9255441C-8716-4CA6-8760-1C639559754E}.Release|Any CPU.Build.0 = Release|Any CPU
	EndGlobalSection
	GlobalSection(SolutionProperties) = preSolution
		HideSolutionNode = FALSE
	EndGlobalSection
	GlobalSection(NestedProjects) = preSolution
		{90B62F29-9D9A-42E6-BC40-A526A3DEA2C5} = {A2D48DCE-E9FC-4186-AA3A-9BFF5926E537}
		{DC8EB9A2-A2E2-4542-B3B3-7C15D16318FA} = {A2D48DCE-E9FC-4186-AA3A-9BFF5926E537}
	EndGlobalSection
	GlobalSection(ExtensibilityGlobals) = postSolution
		SolutionGuid = {C16B449D-8717-4B22-BC31-90FB57A534EE}
	EndGlobalSection
EndGlobal
